
Microsoft Visual Studio Solution File, Format Version 12.00
# Visual Studio Version 16
VisualStudioVersion = 16.0.31911.196
MinimumVisualStudioVersion = 10.0.40219.1
Project("{FAE04EC0-301F-11D3-BF4B-00C04F79EFBC}") = "CustomControls", "CustomControls\CustomControls.csproj", "{9C7BED6D-65A8-4D7C-B1F6-4337228C4C90}"
EndProject
Global
	GlobalSection(SolutionConfigurationPlatforms) = preSolution
		Debug|Any CPU = Debug|Any CPU
		Release|Any CPU = Release|Any CPU
	EndGlobalSection
	GlobalSection(ProjectConfigurationPlatforms) = postSolution
		{9C7BED6D-65A8-4D7C-B1F6-4337228C4C90}.Debug|Any CPU.ActiveCfg = Debug|Any CPU
		{9C7BED6D-65A8-4D7C-B1F6-4337228C4C90}.Debug|Any CPU.Build.0 = Debug|Any CPU
		{9C7BED6D-65A8-4D7C-B1F6-4337228C4C90}.Release|Any CPU.ActiveCfg = Release|Any CPU
		{9C7BED6D-65A8-4D7C-B1F6-4337228C4C90}.Release|Any CPU.Build.0 = Release|Any CPU
	EndGlobalSection
	GlobalSection(SolutionProperties) = preSolution
		HideSolutionNode = FALSE
	EndGlobalSection
	GlobalSection(ExtensibilityGlobals) = postSolution
		SolutionGuid = {B63745D1-F02C-405A-8ABA-CD8518474D40}
	EndGlobalSection
EndGlobal
